# This file is automatically @generated by Cargo.
# It is not intended for manual editing.
version = 3

[[package]]
name = "cc"
version = "1.0.72"
source = "registry+https://github.com/rust-lang/crates.io-index"
checksum = "22a9137b95ea06864e018375b72adfb7db6e6f68cfc8df5a04d00288050485ee"

[[package]]
name = "mps2_an521_rs"
version = "0.1.0"
dependencies = [
 "cc",
 "tock-registers",
]

[[package]]
name = "tock-registers"
version = "0.7.0"
source = "git+https://github.com/tock/tock?rev=b8f5da9c09373a5bbf48e70e9cef16d669f3cdde#b8f5da9c09373a5bbf48e70e9cef16d669f3cdde"
